
Microsoft Visual Studio Solution File, Format Version 12.00
# Visual Studio 14
VisualStudioVersion = 14.0.25420.1
MinimumVisualStudioVersion = 10.0.40219.1
Project("{FAE04EC0-301F-11D3-BF4B-00C04F79EFBC}") = "DecryptingText", "DecryptingText\DecryptingText.csproj", "{DAC2A5D4-8A34-4E57-B5D2-5FC10422A81D}"
EndProject
Project("{FAE04EC0-301F-11D3-BF4B-00C04F79EFBC}") = "FrequencyTest", "FrequencyTest\FrequencyTest.csproj", "{C6FB6E83-E89A-4E11-A5D0-981AA393B28F}"
EndProject
Global
	GlobalSection(SolutionConfigurationPlatforms) = preSolution
		Debug|Any CPU = Debug|Any CPU
		Release|Any CPU = Release|Any CPU
	EndGlobalSection
	GlobalSection(ProjectConfigurationPlatforms) = postSolution
		{DAC2A5D4-8A34-4E57-B5D2-5FC10422A81D}.Debug|Any CPU.ActiveCfg = Debug|Any CPU
		{DAC2A5D4-8A34-4E57-B5D2-5FC10422A81D}.Debug|Any CPU.Build.0 = Debug|Any CPU
		{DAC2A5D4-8A34-4E57-B5D2-5FC10422A81D}.Release|Any CPU.ActiveCfg = Release|Any CPU
		{DAC2A5D4-8A34-4E57-B5D2-5FC10422A81D}.Release|Any CPU.Build.0 = Release|Any CPU
		{C6FB6E83-E89A-4E11-A5D0-981AA393B28F}.Debug|Any CPU.ActiveCfg = Debug|Any CPU
		{C6FB6E83-E89A-4E11-A5D0-981AA393B28F}.Debug|Any CPU.Build.0 = Debug|Any CPU
		{C6FB6E83-E89A-4E11-A5D0-981AA393B28F}.Release|Any CPU.ActiveCfg = Release|Any CPU
		{C6FB6E83-E89A-4E11-A5D0-981AA393B28F}.Release|Any CPU.Build.0 = Release|Any CPU
	EndGlobalSection
	GlobalSection(SolutionProperties) = preSolution
		HideSolutionNode = FALSE
	EndGlobalSection
	GlobalSection(ExtensibilityGlobals) = postSolution
		SolutionGuid = {DC2D6C07-113C-401D-A911-A4F470B9D800}
	EndGlobalSection
EndGlobal
